
Microsoft Visual Studio Solution File, Format Version 12.00
# Visual Studio 15
Project("{FAE04EC0-301F-11D3-BF4B-00C04F79EFBC}") = "Assembly-CSharp", "Assembly-CSharp.csproj", "{C38101B3-C4D5-631B-79EA-88FCFDD1CAB7}"
EndProject
Project("{FAE04EC0-301F-11D3-BF4B-00C04F79EFBC}") = "Assembly-CSharp-Editor", "Assembly-CSharp-Editor.csproj", "{3F0001A1-F5B7-ED65-76F3-F52FE1736BC2}"
EndProject
Global
	GlobalSection(SolutionConfigurationPlatforms) = preSolution
		Debug|Any CPU = Debug|Any CPU
		Release|Any CPU = Release|Any CPU
	EndGlobalSection
	GlobalSection(ProjectConfigurationPlatforms) = postSolution
		{C38101B3-C4D5-631B-79EA-88FCFDD1CAB7}.Debug|Any CPU.ActiveCfg = Debug|Any CPU
		{C38101B3-C4D5-631B-79EA-88FCFDD1CAB7}.Debug|Any CPU.Build.0 = Debug|Any CPU
		{C38101B3-C4D5-631B-79EA-88FCFDD1CAB7}.Release|Any CPU.ActiveCfg = Release|Any CPU
		{C38101B3-C4D5-631B-79EA-88FCFDD1CAB7}.Release|Any CPU.Build.0 = Release|Any CPU
		{3F0001A1-F5B7-ED65-76F3-F52FE1736BC2}.Debug|Any CPU.ActiveCfg = Debug|Any CPU
		{3F0001A1-F5B7-ED65-76F3-F52FE1736BC2}.Debug|Any CPU.Build.0 = Debug|Any CPU
		{3F0001A1-F5B7-ED65-76F3-F52FE1736BC2}.Release|Any CPU.ActiveCfg = Release|Any CPU
		{3F0001A1-F5B7-ED65-76F3-F52FE1736BC2}.Release|Any CPU.Build.0 = Release|Any CPU
	EndGlobalSection
	GlobalSection(SolutionProperties) = preSolution
		HideSolutionNode = FALSE
	EndGlobalSection
	GlobalSection(MonoDevelopProperties) = preSolution
		StartupItem = Assembly-CSharp.csproj
	EndGlobalSection
EndGlobal
